{
    "name": "test-pkg",
    "version": "1.1.0",
    "lockfileVersion": 1,
    "requires": true,
    "dependencies": {
        "pkg1": {
            "version": "1.0.0",
            "resolved": "",
            "integrity": "sha512-deadbeef"
        },
        "pkg2": {
            "version": "1.0.0",
            "resolved": "",
            "integrity": "sha512-abcd1234",
            "dependencies": {
                "pkg3": {
                    "version": "1.0.1",
                    "resolved": "",
                    "integrity": "sha512-5678abcd"
                }
            }
        },
        "pkg3": {
            "version": "1.0.0",
            "resolved": "",
            "integrity": "sha512-1234abcd",
            "dev": true
        },
        "pkg4": {
            "version": "1.0.0",
            "resolved": "",
            "integrity": "sha512-5678aaaa",
            "dependencies": {
                "pkg5": {
                    "version": "1.0.2",
                    "bundled": true
                }
            }
        }
    }
}